
Microsoft Visual Studio Solution File, Format Version 12.00
# Visual Studio 2012
Project("{FAE04EC0-301F-11D3-BF4B-00C04F79EFBC}") = "prjShotMaster", "prjShotMaster.csproj", "{494C2D9A-7DB4-442C-B429-4E1682AD2B4E}"
EndProject
Global
	GlobalSection(SolutionConfigurationPlatforms) = preSolution
		Debug|Any CPU = Debug|Any CPU
		Release|Any CPU = Release|Any CPU
	EndGlobalSection
	GlobalSection(ProjectConfigurationPlatforms) = postSolution
		{494C2D9A-7DB4-442C-B429-4E1682AD2B4E}.Debug|Any CPU.ActiveCfg = Debug|Any CPU
		{494C2D9A-7DB4-442C-B429-4E1682AD2B4E}.Debug|Any CPU.Build.0 = Debug|Any CPU
		{494C2D9A-7DB4-442C-B429-4E1682AD2B4E}.Release|Any CPU.ActiveCfg = Release|Any CPU
		{494C2D9A-7DB4-442C-B429-4E1682AD2B4E}.Release|Any CPU.Build.0 = Release|Any CPU
	EndGlobalSection
	GlobalSection(SolutionProperties) = preSolution
		HideSolutionNode = FALSE
	EndGlobalSection
EndGlobal
